// !$*UTF8*$!
{
	archiveVersion = 1;
	classes = {
	};
	objectVersion = 50;
	objects = {

/* Begin PBXBuildFile section */
		FFEDAB7C2258B0050096CF58 /* AppDelegate.swift in Sources */ = {isa = PBXBuildFile; fileRef = FFEDAB7B2258B0050096CF58 /* AppDelegate.swift */; };
		FFEDAB822258B0050096CF58 /* GameScene.swift in Sources */ = {isa = PBXBuildFile; fileRef = FFEDAB812258B0050096CF58 /* GameScene.swift */; };
		FFEDAB842258B0050096CF58 /* GameViewController.swift in Sources */ = {isa = PBXBuildFile; fileRef = FFEDAB832258B0050096CF58 /* GameViewController.swift */; };
		FFEDAB872258B0050096CF58 /* Main.storyboard in Resources */ = {isa = PBXBuildFile; fileRef = FFEDAB852258B0050096CF58 /* Main.storyboard */; };
		FFEDAB892258B0060096CF58 /* Assets.xcassets in Resources */ = {isa = PBXBuildFile; fileRef = FFEDAB882258B0060096CF58 /* Assets.xcassets */; };
		FFEDAB8C2258B0060096CF58 /* LaunchScreen.storyboard in Resources */ = {isa = PBXBuildFile; fileRef = FFEDAB8A2258B0060096CF58 /* LaunchScreen.storyboard */; };
		FFEDAB942258B1C00096CF58 /* GlobalConsts.swift in Sources */ = {isa = PBXBuildFile; fileRef = FFEDAB932258B1C00096CF58 /* GlobalConsts.swift */; };
		FFEDAB9A2258D2070096CF58 /* WaitingForTap.swift in Sources */ = {isa = PBXBuildFile; fileRef = FFEDAB962258D2070096CF58 /* WaitingForTap.swift */; };
		FFEDAB9B2258D2070096CF58 /* GameOver.swift in Sources */ = {isa = PBXBuildFile; fileRef = FFEDAB972258D2070096CF58 /* GameOver.swift */; };
		FFEDAB9C2258D2070096CF58 /* Pause.swift in Sources */ = {isa = PBXBuildFile; fileRef = FFEDAB982258D2070096CF58 /* Pause.swift */; };
		FFEDAB9D2258D2070096CF58 /* Playing.swift in Sources */ = {isa = PBXBuildFile; fileRef = FFEDAB992258D2070096CF58 /* Playing.swift */; };
		FFEDAB9F2258E4C80096CF58 /* GameMessageNode.swift in Sources */ = {isa = PBXBuildFile; fileRef = FFEDAB9E2258E4C80096CF58 /* GameMessageNode.swift */; };
		FFEDABA1225904400096CF58 /* GameStateBase.swift in Sources */ = {isa = PBXBuildFile; fileRef = FFEDABA0225904400096CF58 /* GameStateBase.swift */; };
		FFEDABA32259AFAD0096CF58 /* GameData.swift in Sources */ = {isa = PBXBuildFile; fileRef = FFEDABA22259AFAD0096CF58 /* GameData.swift */; };
/* End PBXBuildFile section */

/* Begin PBXFileReference section */
		FFEDAB782258B0050096CF58 /* HoodleGame.app */ = {isa = PBXFileReference; explicitFileType = wrapper.application; includeInIndex = 0; path = HoodleGame.app; sourceTree = BUILT_PRODUCTS_DIR; };
		FFEDAB7B2258B0050096CF58 /* AppDelegate.swift */ = {isa = PBXFileReference; lastKnownFileType = sourcecode.swift; path = AppDelegate.swift; sourceTree = "<group>"; };
		FFEDAB812258B0050096CF58 /* GameScene.swift */ = {isa = PBXFileReference; lastKnownFileType = sourcecode.swift; path = GameScene.swift; sourceTree = "<group>"; };
		FFEDAB832258B0050096CF58 /* GameViewController.swift */ = {isa = PBXFileReference; lastKnownFileType = sourcecode.swift; path = GameViewController.swift; sourceTree = "<group>"; };
		FFEDAB862258B0050096CF58 /* Base */ = {isa = PBXFileReference; lastKnownFileType = file.storyboard; name = Base; path = Base.lproj/Main.storyboard; sourceTree = "<group>"; };
		FFEDAB882258B0060096CF58 /* Assets.xcassets */ = {isa = PBXFileReference; lastKnownFileType = folder.assetcatalog; path = Assets.xcassets; sourceTree = "<group>"; };
		FFEDAB8B2258B0060096CF58 /* Base */ = {isa = PBXFileReference; lastKnownFileType = file.storyboard; name = Base; path = Base.lproj/LaunchScreen.storyboard; sourceTree = "<group>"; };
		FFEDAB8D2258B0060096CF58 /* Info.plist */ = {isa = PBXFileReference; lastKnownFileType = text.plist.xml; path = Info.plist; sourceTree = "<group>"; };
		FFEDAB932258B1C00096CF58 /* GlobalConsts.swift */ = {isa = PBXFileReference; fileEncoding = 4; lastKnownFileType = sourcecode.swift; path = GlobalConsts.swift; sourceTree = "<group>"; };
		FFEDAB962258D2070096CF58 /* WaitingForTap.swift */ = {isa = PBXFileReference; fileEncoding = 4; lastKnownFileType = sourcecode.swift; path = WaitingForTap.swift; sourceTree = "<group>"; };
		FFEDAB972258D2070096CF58 /* GameOver.swift */ = {isa = PBXFileReference; fileEncoding = 4; lastKnownFileType = sourcecode.swift; path = GameOver.swift; sourceTree = "<group>"; };
		FFEDAB982258D2070096CF58 /* Pause.swift */ = {isa = PBXFileReference; fileEncoding = 4; lastKnownFileType = sourcecode.swift; path = Pause.swift; sourceTree = "<group>"; };
		FFEDAB992258D2070096CF58 /* Playing.swift */ = {isa = PBXFileReference; fileEncoding = 4; lastKnownFileType = sourcecode.swift; path = Playing.swift; sourceTree = "<group>"; };
		FFEDAB9E2258E4C80096CF58 /* GameMessageNode.swift */ = {isa = PBXFileReference; lastKnownFileType = sourcecode.swift; path = GameMessageNode.swift; sourceTree = "<group>"; };
		FFEDABA0225904400096CF58 /* GameStateBase.swift */ = {isa = PBXFileReference; lastKnownFileType = sourcecode.swift; path = GameStateBase.swift; sourceTree = "<group>"; };
		FFEDABA22259AFAD0096CF58 /* GameData.swift */ = {isa = PBXFileReference; lastKnownFileType = sourcecode.swift; path = GameData.swift; sourceTree = "<group>"; };
/* End PBXFileReference section */

/* Begin PBXFrameworksBuildPhase section */
		FFEDAB752258B0050096CF58 /* Frameworks */ = {
			isa = PBXFrameworksBuildPhase;
			buildActionMask = 2147483647;
			files = (
			);
			runOnlyForDeploymentPostprocessing = 0;
		};
/* End PBXFrameworksBuildPhase section */

/* Begin PBXGroup section */
		FFEDAB6F2258B0050096CF58 = {
			isa = PBXGroup;
			children = (
				FFEDAB7A2258B0050096CF58 /* HoodleGame */,
				FFEDAB792258B0050096CF58 /* Products */,
			);
			sourceTree = "<group>";
		};
		FFEDAB792258B0050096CF58 /* Products */ = {
			isa = PBXGroup;
			children = (
				FFEDAB782258B0050096CF58 /* HoodleGame.app */,
			);
			name = Products;
			sourceTree = "<group>";
		};
		FFEDAB7A2258B0050096CF58 /* HoodleGame */ = {
			isa = PBXGroup;
			children = (
				FFEDAB7B2258B0050096CF58 /* AppDelegate.swift */,
				FFEDAB832258B0050096CF58 /* GameViewController.swift */,
				FFEDAB812258B0050096CF58 /* GameScene.swift */,
				FFEDABA22259AFAD0096CF58 /* GameData.swift */,
				FFEDAB9E2258E4C80096CF58 /* GameMessageNode.swift */,
				FFEDAB932258B1C00096CF58 /* GlobalConsts.swift */,
				FFEDAB952258D2060096CF58 /* GameStates */,
				FFEDAB852258B0050096CF58 /* Main.storyboard */,
				FFEDAB882258B0060096CF58 /* Assets.xcassets */,
				FFEDAB8A2258B0060096CF58 /* LaunchScreen.storyboard */,
				FFEDAB8D2258B0060096CF58 /* Info.plist */,
			);
			path = HoodleGame;
			sourceTree = "<group>";
		};
		FFEDAB952258D2060096CF58 /* GameStates */ = {
			isa = PBXGroup;
			children = (
				FFEDABA0225904400096CF58 /* GameStateBase.swift */,
				FFEDAB962258D2070096CF58 /* WaitingForTap.swift */,
				FFEDAB992258D2070096CF58 /* Playing.swift */,
				FFEDAB982258D2070096CF58 /* Pause.swift */,
				FFEDAB972258D2070096CF58 /* GameOver.swift */,
			);
			path = GameStates;
			sourceTree = "<group>";
		};
/* End PBXGroup section */

/* Begin PBXNativeTarget section */
		FFEDAB772258B0050096CF58 /* HoodleGame */ = {
			isa = PBXNativeTarget;
			buildConfigurationList = FFEDAB902258B0060096CF58 /* Build configuration list for PBXNativeTarget "HoodleGame" */;
			buildPhases = (
				FFEDAB742258B0050096CF58 /* Sources */,
				FFEDAB752258B0050096CF58 /* Frameworks */,
				FFEDAB762258B0050096CF58 /* Resources */,
			);
			buildRules = (
			);
			dependencies = (
			);
			name = HoodleGame;
			productName = HoodleGame;
			productReference = FFEDAB782258B0050096CF58 /* HoodleGame.app */;
			productType = "com.apple.product-type.application";
		};
/* End PBXNativeTarget section */

/* Begin PBXProject section */
		FFEDAB702258B0050096CF58 /* Project object */ = {
			isa = PBXProject;
			attributes = {
				LastSwiftUpdateCheck = 1010;
				LastUpgradeCheck = 1010;
				ORGANIZATIONNAME = MrChen;
				TargetAttributes = {
					FFEDAB772258B0050096CF58 = {
						CreatedOnToolsVersion = 10.1;
					};
				};
			};
			buildConfigurationList = FFEDAB732258B0050096CF58 /* Build configuration list for PBXProject "HoodleGame" */;
			compatibilityVersion = "Xcode 9.3";
			developmentRegion = en;
			hasScannedForEncodings = 0;
			knownRegions = (
				en,
				Base,
			);
			mainGroup = FFEDAB6F2258B0050096CF58;
			productRefGroup = FFEDAB792258B0050096CF58 /* Products */;
			projectDirPath = "";
			projectRoot = "";
			targets = (
				FFEDAB772258B0050096CF58 /* HoodleGame */,
			);
		};
/* End PBXProject section */

/* Begin PBXResourcesBuildPhase section */
		FFEDAB762258B0050096CF58 /* Resources */ = {
			isa = PBXResourcesBuildPhase;
			buildActionMask = 2147483647;
			files = (
				FFEDAB872258B0050096CF58 /* Main.storyboard in Resources */,
				FFEDAB892258B0060096CF58 /* Assets.xcassets in Resources */,
				FFEDAB8C2258B0060096CF58 /* LaunchScreen.storyboard in Resources */,
			);
			runOnlyForDeploymentPostprocessing = 0;
		};
/* End PBXResourcesBuildPhase section */

/* Begin PBXSourcesBuildPhase section */
		FFEDAB742258B0050096CF58 /* Sources */ = {
			isa = PBXSourcesBuildPhase;
			buildActionMask = 2147483647;
			files = (
				FFEDABA1225904400096CF58 /* GameStateBase.swift in Sources */,
				FFEDAB9A2258D2070096CF58 /* WaitingForTap.swift in Sources */,
				FFEDAB9C2258D2070096CF58 /* Pause.swift in Sources */,
				FFEDAB942258B1C00096CF58 /* GlobalConsts.swift in Sources */,
				FFEDABA32259AFAD0096CF58 /* GameData.swift in Sources */,
				FFEDAB822258B0050096CF58 /* GameScene.swift in Sources */,
				FFEDAB9D2258D2070096CF58 /* Playing.swift in Sources */,
				FFEDAB9B2258D2070096CF58 /* GameOver.swift in Sources */,
				FFEDAB842258B0050096CF58 /* GameViewController.swift in Sources */,
				FFEDAB9F2258E4C80096CF58 /* GameMessageNode.swift in Sources */,
				FFEDAB7C2258B0050096CF58 /* AppDelegate.swift in Sources */,
			);
			runOnlyForDeploymentPostprocessing = 0;
		};
/* End PBXSourcesBuildPhase section */

/* Begin PBXVariantGroup section */
		FFEDAB852258B0050096CF58 /* Main.storyboard */ = {
			isa = PBXVariantGroup;
			children = (
				FFEDAB862258B0050096CF58 /* Base */,
			);
			name = Main.storyboard;
			sourceTree = "<group>";
		};
		FFEDAB8A2258B0060096CF58 /* LaunchScreen.storyboard */ = {
			isa = PBXVariantGroup;
			children = (
				FFEDAB8B2258B0060096CF58 /* Base */,
			);
			name = LaunchScreen.storyboard;
			sourceTree = "<group>";
		};
/* End PBXVariantGroup section */

/* Begin XCBuildConfiguration section */
		FFEDAB8E2258B0060096CF58 /* Debug */ = {
			isa = XCBuildConfiguration;
			buildSettings = {
				ALWAYS_SEARCH_USER_PATHS = NO;
				CLANG_ANALYZER_NONNULL = YES;
				CLANG_ANALYZER_NUMBER_OBJECT_CONVERSION = YES_AGGRESSIVE;
				CLANG_CXX_LANGUAGE_STANDARD = "gnu++14";
				CLANG_CXX_LIBRARY = "libc++";
				CLANG_ENABLE_MODULES = YES;
				CLANG_ENABLE_OBJC_ARC = YES;
				CLANG_ENABLE_OBJC_WEAK = YES;
				CLANG_WARN_BLOCK_CAPTURE_AUTORELEASING = YES;
				CLANG_WARN_BOOL_CONVERSION = YES;
				CLANG_WARN_COMMA = YES;
				CLANG_WARN_CONSTANT_CONVERSION = YES;
				CLANG_WARN_DEPRECATED_OBJC_IMPLEMENTATIONS = YES;
				CLANG_WARN_DIRECT_OBJC_ISA_USAGE = YES_ERROR;
				CLANG_WARN_DOCUMENTATION_COMMENTS = YES;
				CLANG_WARN_EMPTY_BODY = YES;
				CLANG_WARN_ENUM_CONVERSION = YES;
				CLANG_WARN_INFINITE_RECURSION = YES;
				CLANG_WARN_INT_CONVERSION = YES;
				CLANG_WARN_NON_LITERAL_NULL_CONVERSION = YES;
				CLANG_WARN_OBJC_IMPLICIT_RETAIN_SELF = YES;
				CLANG_WARN_OBJC_LITERAL_CONVERSION = YES;
				CLANG_WARN_OBJC_ROOT_CLASS = YES_ERROR;
				CLANG_WARN_RANGE_LOOP_ANALYSIS = YES;
				CLANG_WARN_STRICT_PROTOTYPES = YES;
				CLANG_WARN_SUSPICIOUS_MOVE = YES;
				CLANG_WARN_UNGUARDED_AVAILABILITY = YES_AGGRESSIVE;
				CLANG_WARN_UNREACHABLE_CODE = YES;
				CLANG_WARN__DUPLICATE_METHOD_MATCH = YES;
				CODE_SIGN_IDENTITY = "iPhone Developer";
				COPY_PHASE_STRIP = NO;
				DEBUG_INFORMATION_FORMAT = dwarf;
				ENABLE_STRICT_OBJC_MSGSEND = YES;
				ENABLE_TESTABILITY = YES;
				GCC_C_LANGUAGE_STANDARD = gnu11;
				GCC_DYNAMIC_NO_PIC = NO;
				GCC_NO_COMMON_BLOCKS = YES;
				GCC_OPTIMIZATION_LEVEL = 0;
				GCC_PREPROCESSOR_DEFINITIONS = (
					"DEBUG=1",
					"$(inherited)",
				);
				GCC_WARN_64_TO_32_BIT_CONVERSION = YES;
				GCC_WARN_ABOUT_RETURN_TYPE = YES_ERROR;
				GCC_WARN_UNDECLARED_SELECTOR = YES;
				GCC_WARN_UNINITIALIZED_AUTOS = YES_AGGRESSIVE;
				GCC_WARN_UNUSED_FUNCTION = YES;
				GCC_WARN_UNUSED_VARIABLE = YES;
				IPHONEOS_DEPLOYMENT_TARGET = 12.1;
				MTL_ENABLE_DEBUG_INFO = INCLUDE_SOURCE;
				MTL_FAST_MATH = YES;
				ONLY_ACTIVE_ARCH = YES;
				SDKROOT = iphoneos;
				SWIFT_ACTIVE_COMPILATION_CONDITIONS = DEBUG;
				SWIFT_OPTIMIZATION_LEVEL = "-Onone";
			};
			name = Debug;
		};
		FFEDAB8F2258B0060096CF58 /* Release */ = {
			isa = XCBuildConfiguration;
			buildSettings = {
				ALWAYS_SEARCH_USER_PATHS = NO;
				CLANG_ANALYZER_NONNULL = YES;
				CLANG_ANALYZER_NUMBER_OBJECT_CONVERSION = YES_AGGRESSIVE;
				CLANG_CXX_LANGUAGE_STANDARD = "gnu++14";
				CLANG_CXX_LIBRARY = "libc++";
				CLANG_ENABLE_MODULES = YES;
				CLANG_ENABLE_OBJC_ARC = YES;
				CLANG_ENABLE_OBJC_WEAK = YES;
				CLANG_WARN_BLOCK_CAPTURE_AUTORELEASING = YES;
				CLANG_WARN_BOOL_CONVERSION = YES;
				CLANG_WARN_COMMA = YES;
				CLANG_WARN_CONSTANT_CONVERSION = YES;
				CLANG_WARN_DEPRECATED_OBJC_IMPLEMENTATIONS = YES;
				CLANG_WARN_DIRECT_OBJC_ISA_USAGE = YES_ERROR;
				CLANG_WARN_DOCUMENTATION_COMMENTS = YES;
				CLANG_WARN_EMPTY_BODY = YES;
				CLANG_WARN_ENUM_CONVERSION = YES;
				CLANG_WARN_INFINITE_RECURSION = YES;
				CLANG_WARN_INT_CONVERSION = YES;
				CLANG_WARN_NON_LITERAL_NULL_CONVERSION = YES;
				CLANG_WARN_OBJC_IMPLICIT_RETAIN_SELF = YES;
				CLANG_WARN_OBJC_LITERAL_CONVERSION = YES;
				CLANG_WARN_OBJC_ROOT_CLASS = YES_ERROR;
				CLANG_WARN_RANGE_LOOP_ANALYSIS = YES;
				CLANG_WARN_STRICT_PROTOTYPES = YES;
				CLANG_WARN_SUSPICIOUS_MOVE = YES;
				CLANG_WARN_UNGUARDED_AVAILABILITY = YES_AGGRESSIVE;
				CLANG_WARN_UNREACHABLE_CODE = YES;
				CLANG_WARN__DUPLICATE_METHOD_MATCH = YES;
				CODE_SIGN_IDENTITY = "iPhone Developer";
				COPY_PHASE_STRIP = NO;
				DEBUG_INFORMATION_FORMAT = "dwarf-with-dsym";
				ENABLE_NS_ASSERTIONS = NO;
				ENABLE_STRICT_OBJC_MSGSEND = YES;
				GCC_C_LANGUAGE_STANDARD = gnu11;
				GCC_NO_COMMON_BLOCKS = YES;
				GCC_WARN_64_TO_32_BIT_CONVERSION = YES;
				GCC_WARN_ABOUT_RETURN_TYPE = YES_ERROR;
				GCC_WARN_UNDECLARED_SELECTOR = YES;
				GCC_WARN_UNINITIALIZED_AUTOS = YES_AGGRESSIVE;
				GCC_WARN_UNUSED_FUNCTION = YES;
				GCC_WARN_UNUSED_VARIABLE = YES;
				IPHONEOS_DEPLOYMENT_TARGET = 12.1;
				MTL_ENABLE_DEBUG_INFO = NO;
				MTL_FAST_MATH = YES;
				SDKROOT = iphoneos;
				SWIFT_COMPILATION_MODE = wholemodule;
				SWIFT_OPTIMIZATION_LEVEL = "-O";
				VALIDATE_PRODUCT = YES;
			};
			name = Release;
		};
		FFEDAB912258B0060096CF58 /* Debug */ = {
			isa = XCBuildConfiguration;
			buildSettings = {
				ASSETCATALOG_COMPILER_APPICON_NAME = AppIcon;
				CODE_SIGN_STYLE = Automatic;
				INFOPLIST_FILE = HoodleGame/Info.plist;
				LD_RUNPATH_SEARCH_PATHS = (
					"$(inherited)",
					"@executable_path/Frameworks",
				);
				PRODUCT_BUNDLE_IDENTIFIER = com.MrChen.game.HoodleGame;
				PRODUCT_NAME = "$(TARGET_NAME)";
				SWIFT_VERSION = 4.2;
				TARGETED_DEVICE_FAMILY = "1,2";
			};
			name = Debug;
		};
		FFEDAB922258B0060096CF58 /* Release */ = {
			isa = XCBuildConfiguration;
			buildSettings = {
				ASSETCATALOG_COMPILER_APPICON_NAME = AppIcon;
				CODE_SIGN_STYLE = Automatic;
				INFOPLIST_FILE = HoodleGame/Info.plist;
				LD_RUNPATH_SEARCH_PATHS = (
					"$(inherited)",
					"@executable_path/Frameworks",
				);
				PRODUCT_BUNDLE_IDENTIFIER = com.MrChen.game.HoodleGame;
				PRODUCT_NAME = "$(TARGET_NAME)";
				SWIFT_VERSION = 4.2;
				TARGETED_DEVICE_FAMILY = "1,2";
			};
			name = Release;
		};
/* End XCBuildConfiguration section */

/* Begin XCConfigurationList section */
		FFEDAB732258B0050096CF58 /* Build configuration list for PBXProject "HoodleGame" */ = {
			isa = XCConfigurationList;
			buildConfigurations = (
				FFEDAB8E2258B0060096CF58 /* Debug */,
				FFEDAB8F2258B0060096CF58 /* Release */,
			);
			defaultConfigurationIsVisible = 0;
			defaultConfigurationName = Release;
		};
		FFEDAB902258B0060096CF58 /* Build configuration list for PBXNativeTarget "HoodleGame" */ = {
			isa = XCConfigurationList;
			buildConfigurations = (
				FFEDAB912258B0060096CF58 /* Debug */,
				FFEDAB922258B0060096CF58 /* Release */,
			);
			defaultConfigurationIsVisible = 0;
			defaultConfigurationName = Release;
		};
/* End XCConfigurationList section */
	};
	rootObject = FFEDAB702258B0050096CF58 /* Project object */;
}
